
Microsoft Visual Studio Solution File, Format Version 12.00
# Visual Studio Version 17
VisualStudioVersion = 17.0.31903.59
MinimumVisualStudioVersion = 10.0.40219.1
Project("{FAE04EC0-301F-11D3-BF4B-00C04F79EFBC}") = "UsersApi", "UsersApi\UsersApi.csproj", "{94E724E8-9B0A-4C9F-A36A-F59FFAE134CA}"
EndProject
Project("{FAE04EC0-301F-11D3-BF4B-00C04F79EFBC}") = "UsersApi.Tests", "UsersApi.Tests\UsersApi.Tests.csproj", "{4B7C0845-CD77-4359-92FD-1EFE1686756D}"
EndProject
Global
	GlobalSection(SolutionConfigurationPlatforms) = preSolution
		Debug|Any CPU = Debug|Any CPU
		Debug|x64 = Debug|x64
		Debug|x86 = Debug|x86
		Release|Any CPU = Release|Any CPU
		Release|x64 = Release|x64
		Release|x86 = Release|x86
	EndGlobalSection
	GlobalSection(ProjectConfigurationPlatforms) = postSolution
		{94E724E8-9B0A-4C9F-A36A-F59FFAE134CA}.Debug|Any CPU.ActiveCfg = Debug|Any CPU
		{94E724E8-9B0A-4C9F-A36A-F59FFAE134CA}.Debug|Any CPU.Build.0 = Debug|Any CPU
		{94E724E8-9B0A-4C9F-A36A-F59FFAE134CA}.Debug|x64.ActiveCfg = Debug|Any CPU
		{94E724E8-9B0A-4C9F-A36A-F59FFAE134CA}.Debug|x64.Build.0 = Debug|Any CPU
		{94E724E8-9B0A-4C9F-A36A-F59FFAE134CA}.Debug|x86.ActiveCfg = Debug|Any CPU
		{94E724E8-9B0A-4C9F-A36A-F59FFAE134CA}.Debug|x86.Build.0 = Debug|Any CPU
		{94E724E8-9B0A-4C9F-A36A-F59FFAE134CA}.Release|Any CPU.ActiveCfg = Release|Any CPU
		{94E724E8-9B0A-4C9F-A36A-F59FFAE134CA}.Release|Any CPU.Build.0 = Release|Any CPU
		{94E724E8-9B0A-4C9F-A36A-F59FFAE134CA}.Release|x64.ActiveCfg = Release|Any CPU
		{94E724E8-9B0A-4C9F-A36A-F59FFAE134CA}.Release|x64.Build.0 = Release|Any CPU
		{94E724E8-9B0A-4C9F-A36A-F59FFAE134CA}.Release|x86.ActiveCfg = Release|Any CPU
		{94E724E8-9B0A-4C9F-A36A-F59FFAE134CA}.Release|x86.Build.0 = Release|Any CPU
		{4B7C0845-CD77-4359-92FD-1EFE1686756D}.Debug|Any CPU.ActiveCfg = Debug|Any CPU
		{4B7C0845-CD77-4359-92FD-1EFE1686756D}.Debug|Any CPU.Build.0 = Debug|Any CPU
		{4B7C0845-CD77-4359-92FD-1EFE1686756D}.Debug|x64.ActiveCfg = Debug|Any CPU
		{4B7C0845-CD77-4359-92FD-1EFE1686756D}.Debug|x64.Build.0 = Debug|Any CPU
		{4B7C0845-CD77-4359-92FD-1EFE1686756D}.Debug|x86.ActiveCfg = Debug|Any CPU
		{4B7C0845-CD77-4359-92FD-1EFE1686756D}.Debug|x86.Build.0 = Debug|Any CPU
		{4B7C0845-CD77-4359-92FD-1EFE1686756D}.Release|Any CPU.ActiveCfg = Release|Any CPU
		{4B7C0845-CD77-4359-92FD-1EFE1686756D}.Release|Any CPU.Build.0 = Release|Any CPU
		{4B7C0845-CD77-4359-92FD-1EFE1686756D}.Release|x64.ActiveCfg = Release|Any CPU
		{4B7C0845-CD77-4359-92FD-1EFE1686756D}.Release|x64.Build.0 = Release|Any CPU
		{4B7C0845-CD77-4359-92FD-1EFE1686756D}.Release|x86.ActiveCfg = Release|Any CPU
		{4B7C0845-CD77-4359-92FD-1EFE1686756D}.Release|x86.Build.0 = Release|Any CPU
	EndGlobalSection
	GlobalSection(SolutionProperties) = preSolution
		HideSolutionNode = FALSE
	EndGlobalSection
EndGlobal
